
Microsoft Visual Studio Solution File, Format Version 12.00
# Visual Studio 15
VisualStudioVersion = 15.0.26730.16
MinimumVisualStudioVersion = 10.0.40219.1
Project("{9A19103F-16F7-4668-BE54-9A1E7A4F7556}") = "LunchTrain", "LunchTrain\LunchTrain.csproj", "{FAC62AF3-9AA7-4C17-93B8-A6A91C3AA45C}"
EndProject
Global
	GlobalSection(SolutionConfigurationPlatforms) = preSolution
		Debug|Any CPU = Debug|Any CPU
		Release|Any CPU = Release|Any CPU
	EndGlobalSection
	GlobalSection(ProjectConfigurationPlatforms) = postSolution
		{FAC62AF3-9AA7-4C17-93B8-A6A91C3AA45C}.Debug|Any CPU.ActiveCfg = Debug|Any CPU
		{FAC62AF3-9AA7-4C17-93B8-A6A91C3AA45C}.Debug|Any CPU.Build.0 = Debug|Any CPU
		{FAC62AF3-9AA7-4C17-93B8-A6A91C3AA45C}.Release|Any CPU.ActiveCfg = Release|Any CPU
		{FAC62AF3-9AA7-4C17-93B8-A6A91C3AA45C}.Release|Any CPU.Build.0 = Release|Any CPU
	EndGlobalSection
	GlobalSection(SolutionProperties) = preSolution
		HideSolutionNode = FALSE
	EndGlobalSection
	GlobalSection(ExtensibilityGlobals) = postSolution
		SolutionGuid = {1486472C-88F8-42B5-885C-B3121A42891B}
	EndGlobalSection
EndGlobal
